
Microsoft Visual Studio Solution File, Format Version 12.00
# Visual Studio Version 16
VisualStudioVersion = 16.0.33027.164
MinimumVisualStudioVersion = 10.0.40219.1
Project("{FAE04EC0-301F-11D3-BF4B-00C04F79EFBC}") = "FogBugz.Exporter", "FogBugz.Exporter\FogBugz.Exporter.csproj", "{EFC7CA14-BF0D-457F-BB0A-72D625C943A6}"
EndProject
Global
	GlobalSection(SolutionConfigurationPlatforms) = preSolution
		Debug|Any CPU = Debug|Any CPU
		Release|Any CPU = Release|Any CPU
	EndGlobalSection
	GlobalSection(ProjectConfigurationPlatforms) = postSolution
		{EFC7CA14-BF0D-457F-BB0A-72D625C943A6}.Debug|Any CPU.ActiveCfg = Debug|Any CPU
		{EFC7CA14-BF0D-457F-BB0A-72D625C943A6}.Debug|Any CPU.Build.0 = Debug|Any CPU
		{EFC7CA14-BF0D-457F-BB0A-72D625C943A6}.Release|Any CPU.ActiveCfg = Release|Any CPU
		{EFC7CA14-BF0D-457F-BB0A-72D625C943A6}.Release|Any CPU.Build.0 = Release|Any CPU
	EndGlobalSection
	GlobalSection(SolutionProperties) = preSolution
		HideSolutionNode = FALSE
	EndGlobalSection
	GlobalSection(ExtensibilityGlobals) = postSolution
		SolutionGuid = {7D7F6784-2D36-4B6B-B4A2-669F12A60BCD}
	EndGlobalSection
EndGlobal
